// !$*UTF8*$!
{
	archiveVersion = 1;
	classes = {
	};
	objectVersion = 46;
	objects = {

/* Begin PBXBuildFile section */
		68BCACEA160EC435000B45CC /* Foundation.framework in Frameworks */ = {isa = PBXBuildFile; fileRef = 68BCACE9160EC435000B45CC /* Foundation.framework */; };
		68BCACEF160EC436000B45CC /* ios.h in CopyFiles */ = {isa = PBXBuildFile; fileRef = 68BCACEE160EC436000B45CC /* ios.h */; };
		68BCACF1160EC436000B45CC /* ios.m in Sources */ = {isa = PBXBuildFile; fileRef = 68BCACF0160EC436000B45CC /* ios.m */; };
		68BCACF9160EC436000B45CC /* SenTestingKit.framework in Frameworks */ = {isa = PBXBuildFile; fileRef = 68BCACF8160EC436000B45CC /* SenTestingKit.framework */; };
		68BCACFB160EC436000B45CC /* UIKit.framework in Frameworks */ = {isa = PBXBuildFile; fileRef = 68BCACFA160EC436000B45CC /* UIKit.framework */; };
		68BCACFC160EC436000B45CC /* Foundation.framework in Frameworks */ = {isa = PBXBuildFile; fileRef = 68BCACE9160EC435000B45CC /* Foundation.framework */; };
		68BCACFF160EC436000B45CC /* libios.a in Frameworks */ = {isa = PBXBuildFile; fileRef = 68BCACE6160EC435000B45CC /* libios.a */; };
		68BCAD05160EC436000B45CC /* InfoPlist.strings in Resources */ = {isa = PBXBuildFile; fileRef = 68BCAD03160EC436000B45CC /* InfoPlist.strings */; };
		68BCAD08160EC436000B45CC /* iosTests.m in Sources */ = {isa = PBXBuildFile; fileRef = 68BCAD07160EC436000B45CC /* iosTests.m */; };
/* End PBXBuildFile section */

/* Begin PBXContainerItemProxy section */
		68BCACFD160EC436000B45CC /* PBXContainerItemProxy */ = {
			isa = PBXContainerItemProxy;
			containerPortal = 68BCACDD160EC435000B45CC /* Project object */;
			proxyType = 1;
			remoteGlobalIDString = 68BCACE5160EC435000B45CC;
			remoteInfo = ios;
		};
/* End PBXContainerItemProxy section */

/* Begin PBXCopyFilesBuildPhase section */
		68BCACE4160EC435000B45CC /* CopyFiles */ = {
			isa = PBXCopyFilesBuildPhase;
			buildActionMask = 2147483647;
			dstPath = "include/${PRODUCT_NAME}";
			dstSubfolderSpec = 16;
			files = (
				68BCACEF160EC436000B45CC /* ios.h in CopyFiles */,
			);
			runOnlyForDeploymentPostprocessing = 0;
		};
/* End PBXCopyFilesBuildPhase section */

/* Begin PBXFileReference section */
		68BCACE6160EC435000B45CC /* libios.a */ = {isa = PBXFileReference; explicitFileType = archive.ar; includeInIndex = 0; path = libios.a; sourceTree = BUILT_PRODUCTS_DIR; };
		68BCACE9160EC435000B45CC /* Foundation.framework */ = {isa = PBXFileReference; lastKnownFileType = wrapper.framework; name = Foundation.framework; path = System/Library/Frameworks/Foundation.framework; sourceTree = SDKROOT; };
		68BCACED160EC435000B45CC /* ios-Prefix.pch */ = {isa = PBXFileReference; lastKnownFileType = sourcecode.c.h; path = "ios-Prefix.pch"; sourceTree = "<group>"; };
		68BCACEE160EC436000B45CC /* ios.h */ = {isa = PBXFileReference; lastKnownFileType = sourcecode.c.h; path = ios.h; sourceTree = "<group>"; };
		68BCACF0160EC436000B45CC /* ios.m */ = {isa = PBXFileReference; lastKnownFileType = sourcecode.c.objc; path = ios.m; sourceTree = "<group>"; };
		68BCACF7160EC436000B45CC /* iosTests.octest */ = {isa = PBXFileReference; explicitFileType = wrapper.cfbundle; includeInIndex = 0; path = iosTests.octest; sourceTree = BUILT_PRODUCTS_DIR; };
		68BCACF8160EC436000B45CC /* SenTestingKit.framework */ = {isa = PBXFileReference; lastKnownFileType = wrapper.framework; name = SenTestingKit.framework; path = Library/Frameworks/SenTestingKit.framework; sourceTree = DEVELOPER_DIR; };
		68BCACFA160EC436000B45CC /* UIKit.framework */ = {isa = PBXFileReference; lastKnownFileType = wrapper.framework; name = UIKit.framework; path = Library/Frameworks/UIKit.framework; sourceTree = DEVELOPER_DIR; };
		68BCAD02160EC436000B45CC /* iosTests-Info.plist */ = {isa = PBXFileReference; lastKnownFileType = text.plist.xml; path = "iosTests-Info.plist"; sourceTree = "<group>"; };
		68BCAD04160EC436000B45CC /* en */ = {isa = PBXFileReference; lastKnownFileType = text.plist.strings; name = en; path = en.lproj/InfoPlist.strings; sourceTree = "<group>"; };
		68BCAD06160EC436000B45CC /* iosTests.h */ = {isa = PBXFileReference; lastKnownFileType = sourcecode.c.h; path = iosTests.h; sourceTree = "<group>"; };
		68BCAD07160EC436000B45CC /* iosTests.m */ = {isa = PBXFileReference; lastKnownFileType = sourcecode.c.objc; path = iosTests.m; sourceTree = "<group>"; };
/* End PBXFileReference section */

/* Begin PBXFrameworksBuildPhase section */
		68BCACE3160EC435000B45CC /* Frameworks */ = {
			isa = PBXFrameworksBuildPhase;
			buildActionMask = 2147483647;
			files = (
				68BCACEA160EC435000B45CC /* Foundation.framework in Frameworks */,
			);
			runOnlyForDeploymentPostprocessing = 0;
		};
		68BCACF3160EC436000B45CC /* Frameworks */ = {
			isa = PBXFrameworksBuildPhase;
			buildActionMask = 2147483647;
			files = (
				68BCACF9160EC436000B45CC /* SenTestingKit.framework in Frameworks */,
				68BCACFB160EC436000B45CC /* UIKit.framework in Frameworks */,
				68BCACFC160EC436000B45CC /* Foundation.framework in Frameworks */,
				68BCACFF160EC436000B45CC /* libios.a in Frameworks */,
			);
			runOnlyForDeploymentPostprocessing = 0;
		};
/* End PBXFrameworksBuildPhase section */

/* Begin PBXGroup section */
		68BCACDB160EC435000B45CC = {
			isa = PBXGroup;
			children = (
				68BCACEB160EC435000B45CC /* ios */,
				68BCAD00160EC436000B45CC /* iosTests */,
				68BCACE8160EC435000B45CC /* Frameworks */,
				68BCACE7160EC435000B45CC /* Products */,
			);
			sourceTree = "<group>";
		};
		68BCACE7160EC435000B45CC /* Products */ = {
			isa = PBXGroup;
			children = (
				68BCACE6160EC435000B45CC /* libios.a */,
				68BCACF7160EC436000B45CC /* iosTests.octest */,
			);
			name = Products;
			sourceTree = "<group>";
		};
		68BCACE8160EC435000B45CC /* Frameworks */ = {
			isa = PBXGroup;
			children = (
				68BCACE9160EC435000B45CC /* Foundation.framework */,
				68BCACF8160EC436000B45CC /* SenTestingKit.framework */,
				68BCACFA160EC436000B45CC /* UIKit.framework */,
			);
			name = Frameworks;
			sourceTree = "<group>";
		};
		68BCACEB160EC435000B45CC /* ios */ = {
			isa = PBXGroup;
			children = (
				68BCACEE160EC436000B45CC /* ios.h */,
				68BCACF0160EC436000B45CC /* ios.m */,
				68BCACEC160EC435000B45CC /* Supporting Files */,
			);
			path = ios;
			sourceTree = "<group>";
		};
		68BCACEC160EC435000B45CC /* Supporting Files */ = {
			isa = PBXGroup;
			children = (
				68BCACED160EC435000B45CC /* ios-Prefix.pch */,
			);
			name = "Supporting Files";
			sourceTree = "<group>";
		};
		68BCAD00160EC436000B45CC /* iosTests */ = {
			isa = PBXGroup;
			children = (
				68BCAD06160EC436000B45CC /* iosTests.h */,
				68BCAD07160EC436000B45CC /* iosTests.m */,
				68BCAD01160EC436000B45CC /* Supporting Files */,
			);
			path = iosTests;
			sourceTree = "<group>";
		};
		68BCAD01160EC436000B45CC /* Supporting Files */ = {
			isa = PBXGroup;
			children = (
				68BCAD02160EC436000B45CC /* iosTests-Info.plist */,
				68BCAD03160EC436000B45CC /* InfoPlist.strings */,
			);
			name = "Supporting Files";
			sourceTree = "<group>";
		};
/* End PBXGroup section */

/* Begin PBXNativeTarget section */
		68BCACE5160EC435000B45CC /* ios */ = {
			isa = PBXNativeTarget;
			buildConfigurationList = 68BCAD0B160EC436000B45CC /* Build configuration list for PBXNativeTarget "ios" */;
			buildPhases = (
				68BCACE2160EC435000B45CC /* Sources */,
				68BCACE3160EC435000B45CC /* Frameworks */,
				68BCACE4160EC435000B45CC /* CopyFiles */,
			);
			buildRules = (
			);
			dependencies = (
			);
			name = ios;
			productName = ios;
			productReference = 68BCACE6160EC435000B45CC /* libios.a */;
			productType = "com.apple.product-type.library.static";
		};
		68BCACF6160EC436000B45CC /* iosTests */ = {
			isa = PBXNativeTarget;
			buildConfigurationList = 68BCAD0E160EC436000B45CC /* Build configuration list for PBXNativeTarget "iosTests" */;
			buildPhases = (
				68BCACF2160EC436000B45CC /* Sources */,
				68BCACF3160EC436000B45CC /* Frameworks */,
				68BCACF4160EC436000B45CC /* Resources */,
				68BCACF5160EC436000B45CC /* ShellScript */,
			);
			buildRules = (
			);
			dependencies = (
				68BCACFE160EC436000B45CC /* PBXTargetDependency */,
			);
			name = iosTests;
			productName = iosTests;
			productReference = 68BCACF7160EC436000B45CC /* iosTests.octest */;
			productType = "com.apple.product-type.bundle";
		};
/* End PBXNativeTarget section */

/* Begin PBXProject section */
		68BCACDD160EC435000B45CC /* Project object */ = {
			isa = PBXProject;
			attributes = {
				LastUpgradeCheck = 0440;
				ORGANIZATIONNAME = "3taps Inc.";
			};
			buildConfigurationList = 68BCACE0160EC435000B45CC /* Build configuration list for PBXProject "ios" */;
			compatibilityVersion = "Xcode 3.2";
			developmentRegion = English;
			hasScannedForEncodings = 0;
			knownRegions = (
				en,
			);
			mainGroup = 68BCACDB160EC435000B45CC;
			productRefGroup = 68BCACE7160EC435000B45CC /* Products */;
			projectDirPath = "";
			projectRoot = "";
			targets = (
				68BCACE5160EC435000B45CC /* ios */,
				68BCACF6160EC436000B45CC /* iosTests */,
			);
		};
/* End PBXProject section */

/* Begin PBXResourcesBuildPhase section */
		68BCACF4160EC436000B45CC /* Resources */ = {
			isa = PBXResourcesBuildPhase;
			buildActionMask = 2147483647;
			files = (
				68BCAD05160EC436000B45CC /* InfoPlist.strings in Resources */,
			);
			runOnlyForDeploymentPostprocessing = 0;
		};
/* End PBXResourcesBuildPhase section */

/* Begin PBXShellScriptBuildPhase section */
		68BCACF5160EC436000B45CC /* ShellScript */ = {
			isa = PBXShellScriptBuildPhase;
			buildActionMask = 2147483647;
			files = (
			);
			inputPaths = (
			);
			outputPaths = (
			);
			runOnlyForDeploymentPostprocessing = 0;
			shellPath = /bin/sh;
			shellScript = "# Run the unit tests in this test bundle.\n\"${SYSTEM_DEVELOPER_DIR}/Tools/RunUnitTests\"\n";
		};
/* End PBXShellScriptBuildPhase section */

/* Begin PBXSourcesBuildPhase section */
		68BCACE2160EC435000B45CC /* Sources */ = {
			isa = PBXSourcesBuildPhase;
			buildActionMask = 2147483647;
			files = (
				68BCACF1160EC436000B45CC /* ios.m in Sources */,
			);
			runOnlyForDeploymentPostprocessing = 0;
		};
		68BCACF2160EC436000B45CC /* Sources */ = {
			isa = PBXSourcesBuildPhase;
			buildActionMask = 2147483647;
			files = (
				68BCAD08160EC436000B45CC /* iosTests.m in Sources */,
			);
			runOnlyForDeploymentPostprocessing = 0;
		};
/* End PBXSourcesBuildPhase section */

/* Begin PBXTargetDependency section */
		68BCACFE160EC436000B45CC /* PBXTargetDependency */ = {
			isa = PBXTargetDependency;
			target = 68BCACE5160EC435000B45CC /* ios */;
			targetProxy = 68BCACFD160EC436000B45CC /* PBXContainerItemProxy */;
		};
/* End PBXTargetDependency section */

/* Begin PBXVariantGroup section */
		68BCAD03160EC436000B45CC /* InfoPlist.strings */ = {
			isa = PBXVariantGroup;
			children = (
				68BCAD04160EC436000B45CC /* en */,
			);
			name = InfoPlist.strings;
			sourceTree = "<group>";
		};
/* End PBXVariantGroup section */

/* Begin XCBuildConfiguration section */
		68BCAD09160EC436000B45CC /* Debug */ = {
			isa = XCBuildConfiguration;
			buildSettings = {
				ALWAYS_SEARCH_USER_PATHS = NO;
				ARCHS = "$(ARCHS_STANDARD_32_BIT)";
				CLANG_CXX_LANGUAGE_STANDARD = "gnu++0x";
				CLANG_ENABLE_OBJC_ARC = YES;
				CLANG_WARN__DUPLICATE_METHOD_MATCH = YES;
				COPY_PHASE_STRIP = NO;
				GCC_C_LANGUAGE_STANDARD = gnu99;
				GCC_DYNAMIC_NO_PIC = NO;
				GCC_OPTIMIZATION_LEVEL = 0;
				GCC_PREPROCESSOR_DEFINITIONS = (
					"DEBUG=1",
					"$(inherited)",
				);
				GCC_SYMBOLS_PRIVATE_EXTERN = NO;
				GCC_VERSION = com.apple.compilers.llvm.clang.1_0;
				GCC_WARN_ABOUT_RETURN_TYPE = YES;
				GCC_WARN_UNINITIALIZED_AUTOS = YES;
				GCC_WARN_UNUSED_VARIABLE = YES;
				IPHONEOS_DEPLOYMENT_TARGET = 5.1;
				SDKROOT = iphoneos;
			};
			name = Debug;
		};
		68BCAD0A160EC436000B45CC /* Release */ = {
			isa = XCBuildConfiguration;
			buildSettings = {
				ALWAYS_SEARCH_USER_PATHS = NO;
				ARCHS = "$(ARCHS_STANDARD_32_BIT)";
				CLANG_CXX_LANGUAGE_STANDARD = "gnu++0x";
				CLANG_ENABLE_OBJC_ARC = YES;
				CLANG_WARN__DUPLICATE_METHOD_MATCH = YES;
				COPY_PHASE_STRIP = YES;
				GCC_C_LANGUAGE_STANDARD = gnu99;
				GCC_VERSION = com.apple.compilers.llvm.clang.1_0;
				GCC_WARN_ABOUT_RETURN_TYPE = YES;
				GCC_WARN_UNINITIALIZED_AUTOS = YES;
				GCC_WARN_UNUSED_VARIABLE = YES;
				IPHONEOS_DEPLOYMENT_TARGET = 5.1;
				SDKROOT = iphoneos;
				VALIDATE_PRODUCT = YES;
			};
			name = Release;
		};
		68BCAD0C160EC436000B45CC /* Debug */ = {
			isa = XCBuildConfiguration;
			buildSettings = {
				DSTROOT = /tmp/ios.dst;
				GCC_PRECOMPILE_PREFIX_HEADER = YES;
				GCC_PREFIX_HEADER = "ios/ios-Prefix.pch";
				OTHER_LDFLAGS = "-ObjC";
				PRODUCT_NAME = "$(TARGET_NAME)";
				SKIP_INSTALL = YES;
			};
			name = Debug;
		};
		68BCAD0D160EC436000B45CC /* Release */ = {
			isa = XCBuildConfiguration;
			buildSettings = {
				DSTROOT = /tmp/ios.dst;
				GCC_PRECOMPILE_PREFIX_HEADER = YES;
				GCC_PREFIX_HEADER = "ios/ios-Prefix.pch";
				OTHER_LDFLAGS = "-ObjC";
				PRODUCT_NAME = "$(TARGET_NAME)";
				SKIP_INSTALL = YES;
			};
			name = Release;
		};
		68BCAD0F160EC436000B45CC /* Debug */ = {
			isa = XCBuildConfiguration;
			buildSettings = {
				FRAMEWORK_SEARCH_PATHS = (
					"\"$(SDKROOT)/Developer/Library/Frameworks\"",
					"\"$(DEVELOPER_LIBRARY_DIR)/Frameworks\"",
				);
				GCC_PRECOMPILE_PREFIX_HEADER = YES;
				GCC_PREFIX_HEADER = "ios/ios-Prefix.pch";
				INFOPLIST_FILE = "iosTests/iosTests-Info.plist";
				PRODUCT_NAME = "$(TARGET_NAME)";
				WRAPPER_EXTENSION = octest;
			};
			name = Debug;
		};
		68BCAD10160EC436000B45CC /* Release */ = {
			isa = XCBuildConfiguration;
			buildSettings = {
				FRAMEWORK_SEARCH_PATHS = (
					"\"$(SDKROOT)/Developer/Library/Frameworks\"",
					"\"$(DEVELOPER_LIBRARY_DIR)/Frameworks\"",
				);
				GCC_PRECOMPILE_PREFIX_HEADER = YES;
				GCC_PREFIX_HEADER = "ios/ios-Prefix.pch";
				INFOPLIST_FILE = "iosTests/iosTests-Info.plist";
				PRODUCT_NAME = "$(TARGET_NAME)";
				WRAPPER_EXTENSION = octest;
			};
			name = Release;
		};
/* End XCBuildConfiguration section */

/* Begin XCConfigurationList section */
		68BCACE0160EC435000B45CC /* Build configuration list for PBXProject "ios" */ = {
			isa = XCConfigurationList;
			buildConfigurations = (
				68BCAD09160EC436000B45CC /* Debug */,
				68BCAD0A160EC436000B45CC /* Release */,
			);
			defaultConfigurationIsVisible = 0;
			defaultConfigurationName = Release;
		};
		68BCAD0B160EC436000B45CC /* Build configuration list for PBXNativeTarget "ios" */ = {
			isa = XCConfigurationList;
			buildConfigurations = (
				68BCAD0C160EC436000B45CC /* Debug */,
				68BCAD0D160EC436000B45CC /* Release */,
			);
			defaultConfigurationIsVisible = 0;
		};
		68BCAD0E160EC436000B45CC /* Build configuration list for PBXNativeTarget "iosTests" */ = {
			isa = XCConfigurationList;
			buildConfigurations = (
				68BCAD0F160EC436000B45CC /* Debug */,
				68BCAD10160EC436000B45CC /* Release */,
			);
			defaultConfigurationIsVisible = 0;
		};
/* End XCConfigurationList section */
	};
	rootObject = 68BCACDD160EC435000B45CC /* Project object */;
}
